// !$*UTF8*$!
{
	archiveVersion = 1;
	classes = {
	};
	objectVersion = 77;
	objects = {

/* Begin PBXBuildFile section */
		BCD448952F709508003C74BE /* ExifArmorShareExtension.appex in Embed Foundation Extensions */ = {isa = PBXBuildFile; fileRef = BCD4488B2F709508003C74BE /* ExifArmorShareExtension.appex */; settings = {ATTRIBUTES = (RemoveHeadersOnCopy, ); }; };
/* End PBXBuildFile section */

/* Begin PBXContainerItemProxy section */
		BCD448152F708AEF003C74BE /* PBXContainerItemProxy */ = {
			isa = PBXContainerItemProxy;
			containerPortal = BCD447FF2F708AEC003C74BE /* Project object */;
			proxyType = 1;
			remoteGlobalIDString = BCD448062F708AEC003C74BE;
			remoteInfo = ExifArmor;
		};
		BCD4481F2F708AEF003C74BE /* PBXContainerItemProxy */ = {
			isa = PBXContainerItemProxy;
			containerPortal = BCD447FF2F708AEC003C74BE /* Project object */;
			proxyType = 1;
			remoteGlobalIDString = BCD448062F708AEC003C74BE;
			remoteInfo = ExifArmor;
		};
		BCD448932F709508003C74BE /* PBXContainerItemProxy */ = {
			isa = PBXContainerItemProxy;
			containerPortal = BCD447FF2F708AEC003C74BE /* Project object */;
			proxyType = 1;
			remoteGlobalIDString = BCD4488A2F709508003C74BE;
			remoteInfo = ExifArmorShareExtension;
		};
/* End PBXContainerItemProxy section */

/* Begin PBXCopyFilesBuildPhase section */
		BCD4489A2F709508003C74BE /* Embed Foundation Extensions */ = {
			isa = PBXCopyFilesBuildPhase;
			buildActionMask = 2147483647;
			dstPath = "";
			dstSubfolderSpec = 13;
			files = (
				BCD448952F709508003C74BE /* ExifArmorShareExtension.appex in Embed Foundation Extensions */,
			);
			name = "Embed Foundation Extensions";
			runOnlyForDeploymentPostprocessing = 0;
		};
/* End PBXCopyFilesBuildPhase section */

/* Begin PBXFileReference section */
		BC3806392F70F05800CE6623 /* ExifArmor.entitlements */ = {isa = PBXFileReference; lastKnownFileType = text.plist.entitlements; path = ExifArmor.entitlements; sourceTree = "<group>"; };
		BCA03E2C2F74BF6400772D5A /* ExifArmorProducts.storekit */ = {isa = PBXFileReference; lastKnownFileType = text; name = ExifArmorProducts.storekit; path = StoreKitConfig/ExifArmorProducts.storekit; sourceTree = "<group>"; };
		BCD448072F708AEC003C74BE /* ExifArmor.app */ = {isa = PBXFileReference; explicitFileType = wrapper.application; includeInIndex = 0; path = ExifArmor.app; sourceTree = BUILT_PRODUCTS_DIR; };
		BCD448142F708AEF003C74BE /* ExifArmorTests.xctest */ = {isa = PBXFileReference; explicitFileType = wrapper.cfbundle; includeInIndex = 0; path = ExifArmorTests.xctest; sourceTree = BUILT_PRODUCTS_DIR; };
		BCD4481E2F708AEF003C74BE /* ExifArmorUITests.xctest */ = {isa = PBXFileReference; explicitFileType = wrapper.cfbundle; includeInIndex = 0; path = ExifArmorUITests.xctest; sourceTree = BUILT_PRODUCTS_DIR; };
		BCD4488B2F709508003C74BE /* ExifArmorShareExtension.appex */ = {isa = PBXFileReference; explicitFileType = "wrapper.app-extension"; includeInIndex = 0; path = ExifArmorShareExtension.appex; sourceTree = BUILT_PRODUCTS_DIR; };
/* End PBXFileReference section */

/* Begin PBXFileSystemSynchronizedBuildFileExceptionSet section */
		BCD448A42F7098F5003C74BE /* Exceptions for "ExifArmor" folder in "ExifArmor" target */ = {
			isa = PBXFileSystemSynchronizedBuildFileExceptionSet;
			membershipExceptions = (
				Info.plist,
			);
			target = BCD448062F708AEC003C74BE /* ExifArmor */;
		};
		BCD448AB2F70B000003C74BE /* Exceptions for "ExifArmorShareExtension" folder in "ExifArmorShareExtension" target */ = {
			isa = PBXFileSystemSynchronizedBuildFileExceptionSet;
			membershipExceptions = (
				Info.plist,
			);
			target = BCD4488A2F709508003C74BE /* ExifArmorShareExtension */;
		};
/* End PBXFileSystemSynchronizedBuildFileExceptionSet section */

/* Begin PBXFileSystemSynchronizedRootGroup section */
		BCD448092F708AEC003C74BE /* ExifArmor */ = {
			isa = PBXFileSystemSynchronizedRootGroup;
			exceptions = (
				BCD448A42F7098F5003C74BE /* Exceptions for "ExifArmor" folder in "ExifArmor" target */,
			);
			path = ExifArmor;
			sourceTree = "<group>";
		};
		BCD448172F708AEF003C74BE /* ExifArmorTests */ = {
			isa = PBXFileSystemSynchronizedRootGroup;
			path = ExifArmorTests;
			sourceTree = "<group>";
		};
		BCD448212F708AEF003C74BE /* ExifArmorUITests */ = {
			isa = PBXFileSystemSynchronizedRootGroup;
			path = ExifArmorUITests;
			sourceTree = "<group>";
		};
		BCD4488C2F709508003C74BE /* ExifArmorShareExtension */ = {
			isa = PBXFileSystemSynchronizedRootGroup;
			exceptions = (
				BCD448AB2F70B000003C74BE /* Exceptions for "ExifArmorShareExtension" folder in "ExifArmorShareExtension" target */,
			);
			path = ExifArmorShareExtension;
			sourceTree = "<group>";
		};
/* End PBXFileSystemSynchronizedRootGroup section */

/* Begin PBXFrameworksBuildPhase section */
		BCD448042F708AEC003C74BE /* Frameworks */ = {
			isa = PBXFrameworksBuildPhase;
			buildActionMask = 2147483647;
			files = (
			);
			runOnlyForDeploymentPostprocessing = 0;
		};
		BCD448112F708AEF003C74BE /* Frameworks */ = {
			isa = PBXFrameworksBuildPhase;
			buildActionMask = 2147483647;
			files = (
			);
			runOnlyForDeploymentPostprocessing = 0;
		};
		BCD4481B2F708AEF003C74BE /* Frameworks */ = {
			isa = PBXFrameworksBuildPhase;
			buildActionMask = 2147483647;
			files = (
			);
			runOnlyForDeploymentPostprocessing = 0;
		};
		BCD448882F709508003C74BE /* Frameworks */ = {
			isa = PBXFrameworksBuildPhase;
			buildActionMask = 2147483647;
			files = (
			);
			runOnlyForDeploymentPostprocessing = 0;
		};
/* End PBXFrameworksBuildPhase section */

/* Begin PBXGroup section */
		BCD447FE2F708AEC003C74BE = {
			isa = PBXGroup;
			children = (
				BCA03E2C2F74BF6400772D5A /* ExifArmorProducts.storekit */,
				BCD448092F708AEC003C74BE /* ExifArmor */,
				BCD448172F708AEF003C74BE /* ExifArmorTests */,
				BCD448212F708AEF003C74BE /* ExifArmorUITests */,
				BCD4488C2F709508003C74BE /* ExifArmorShareExtension */,
				BCD448082F708AEC003C74BE /* Products */,
				BC3806392F70F05800CE6623 /* ExifArmor.entitlements */,
			);
			sourceTree = "<group>";
		};
		BCD448082F708AEC003C74BE /* Products */ = {
			isa = PBXGroup;
			children = (
				BCD448072F708AEC003C74BE /* ExifArmor.app */,
				BCD448142F708AEF003C74BE /* ExifArmorTests.xctest */,
				BCD4481E2F708AEF003C74BE /* ExifArmorUITests.xctest */,
				BCD4488B2F709508003C74BE /* ExifArmorShareExtension.appex */,
			);
			name = Products;
			sourceTree = "<group>";
		};
/* End PBXGroup section */

/* Begin PBXNativeTarget section */
		BCD448062F708AEC003C74BE /* ExifArmor */ = {
			isa = PBXNativeTarget;
			buildConfigurationList = BCD448282F708AEF003C74BE /* Build configuration list for PBXNativeTarget "ExifArmor" */;
			buildPhases = (
				BCD448032F708AEC003C74BE /* Sources */,
				BCD448042F708AEC003C74BE /* Frameworks */,
				BCD448052F708AEC003C74BE /* Resources */,
				BCD4489A2F709508003C74BE /* Embed Foundation Extensions */,
			);
			buildRules = (
			);
			dependencies = (
				BCD448942F709508003C74BE /* PBXTargetDependency */,
			);
			fileSystemSynchronizedGroups = (
				BCD448092F708AEC003C74BE /* ExifArmor */,
			);
			name = ExifArmor;
			packageProductDependencies = (
			);
			productName = ExifArmor;
			productReference = BCD448072F708AEC003C74BE /* ExifArmor.app */;
			productType = "com.apple.product-type.application";
		};
		BCD448132F708AEF003C74BE /* ExifArmorTests */ = {
			isa = PBXNativeTarget;
			buildConfigurationList = BCD4482B2F708AEF003C74BE /* Build configuration list for PBXNativeTarget "ExifArmorTests" */;
			buildPhases = (
				BCD448102F708AEF003C74BE /* Sources */,
				BCD448112F708AEF003C74BE /* Frameworks */,
				BCD448122F708AEF003C74BE /* Resources */,
			);
			buildRules = (
			);
			dependencies = (
				BCD448162F708AEF003C74BE /* PBXTargetDependency */,
			);
			fileSystemSynchronizedGroups = (
				BCD448172F708AEF003C74BE /* ExifArmorTests */,
			);
			name = ExifArmorTests;
			packageProductDependencies = (
			);
			productName = ExifArmorTests;
			productReference = BCD448142F708AEF003C74BE /* ExifArmorTests.xctest */;
			productType = "com.apple.product-type.bundle.unit-test";
		};
		BCD4481D2F708AEF003C74BE /* ExifArmorUITests */ = {
			isa = PBXNativeTarget;
			buildConfigurationList = BCD4482E2F708AEF003C74BE /* Build configuration list for PBXNativeTarget "ExifArmorUITests" */;
			buildPhases = (
				BCD4481A2F708AEF003C74BE /* Sources */,
				BCD4481B2F708AEF003C74BE /* Frameworks */,
				BCD4481C2F708AEF003C74BE /* Resources */,
			);
			buildRules = (
			);
			dependencies = (
				BCD448202F708AEF003C74BE /* PBXTargetDependency */,
			);
			fileSystemSynchronizedGroups = (
				BCD448212F708AEF003C74BE /* ExifArmorUITests */,
			);
			name = ExifArmorUITests;
			packageProductDependencies = (
			);
			productName = ExifArmorUITests;
			productReference = BCD4481E2F708AEF003C74BE /* ExifArmorUITests.xctest */;
			productType = "com.apple.product-type.bundle.ui-testing";
		};
		BCD4488A2F709508003C74BE /* ExifArmorShareExtension */ = {
			isa = PBXNativeTarget;
			buildConfigurationList = BCD448972F709508003C74BE /* Build configuration list for PBXNativeTarget "ExifArmorShareExtension" */;
			buildPhases = (
				BCD448872F709508003C74BE /* Sources */,
				BCD448882F709508003C74BE /* Frameworks */,
				BCD448892F709508003C74BE /* Resources */,
			);
			buildRules = (
			);
			dependencies = (
			);
			fileSystemSynchronizedGroups = (
				BCD4488C2F709508003C74BE /* ExifArmorShareExtension */,
			);
			name = ExifArmorShareExtension;
			packageProductDependencies = (
			);
			productName = ExifArmorShareExtension;
			productReference = BCD4488B2F709508003C74BE /* ExifArmorShareExtension.appex */;
			productType = "com.apple.product-type.app-extension";
		};
/* End PBXNativeTarget section */

/* Begin PBXProject section */
		BCD447FF2F708AEC003C74BE /* Project object */ = {
			isa = PBXProject;
			attributes = {
				BuildIndependentTargetsInParallel = 1;
				LastSwiftUpdateCheck = 2630;
				LastUpgradeCheck = 2630;
				TargetAttributes = {
					BCD448062F708AEC003C74BE = {
						CreatedOnToolsVersion = 26.3;
					};
					BCD448132F708AEF003C74BE = {
						CreatedOnToolsVersion = 26.3;
						TestTargetID = BCD448062F708AEC003C74BE;
					};
					BCD4481D2F708AEF003C74BE = {
						CreatedOnToolsVersion = 26.3;
						TestTargetID = BCD448062F708AEC003C74BE;
					};
					BCD4488A2F709508003C74BE = {
						CreatedOnToolsVersion = 26.3;
					};
				};
			};
			buildConfigurationList = BCD448022F708AEC003C74BE /* Build configuration list for PBXProject "ExifArmor" */;
			developmentRegion = en;
			hasScannedForEncodings = 0;
			knownRegions = (
				en,
				Base,
			);
			mainGroup = BCD447FE2F708AEC003C74BE;
			minimizedProjectReferenceProxies = 1;
			preferredProjectObjectVersion = 77;
			productRefGroup = BCD448082F708AEC003C74BE /* Products */;
			projectDirPath = "";
			projectRoot = "";
			targets = (
				BCD448062F708AEC003C74BE /* ExifArmor */,
				BCD448132F708AEF003C74BE /* ExifArmorTests */,
				BCD4481D2F708AEF003C74BE /* ExifArmorUITests */,
				BCD4488A2F709508003C74BE /* ExifArmorShareExtension */,
			);
		};
/* End PBXProject section */

/* Begin PBXResourcesBuildPhase section */
		BCD448052F708AEC003C74BE /* Resources */ = {
			isa = PBXResourcesBuildPhase;
			buildActionMask = 2147483647;
			files = (
			);
			runOnlyForDeploymentPostprocessing = 0;
		};
		BCD448122F708AEF003C74BE /* Resources */ = {
			isa = PBXResourcesBuildPhase;
			buildActionMask = 2147483647;
			files = (
			);
			runOnlyForDeploymentPostprocessing = 0;
		};
		BCD4481C2F708AEF003C74BE /* Resources */ = {
			isa = PBXResourcesBuildPhase;
			buildActionMask = 2147483647;
			files = (
			);
			runOnlyForDeploymentPostprocessing = 0;
		};
		BCD448892F709508003C74BE /* Resources */ = {
			isa = PBXResourcesBuildPhase;
			buildActionMask = 2147483647;
			files = (
			);
			runOnlyForDeploymentPostprocessing = 0;
		};
/* End PBXResourcesBuildPhase section */

/* Begin PBXSourcesBuildPhase section */
		BCD448032F708AEC003C74BE /* Sources */ = {
			isa = PBXSourcesBuildPhase;
			buildActionMask = 2147483647;
			files = (
			);
			runOnlyForDeploymentPostprocessing = 0;
		};
		BCD448102F708AEF003C74BE /* Sources */ = {
			isa = PBXSourcesBuildPhase;
			buildActionMask = 2147483647;
			files = (
			);
			runOnlyForDeploymentPostprocessing = 0;
		};
		BCD4481A2F708AEF003C74BE /* Sources */ = {
			isa = PBXSourcesBuildPhase;
			buildActionMask = 2147483647;
			files = (
			);
			runOnlyForDeploymentPostprocessing = 0;
		};
		BCD448872F709508003C74BE /* Sources */ = {
			isa = PBXSourcesBuildPhase;
			buildActionMask = 2147483647;
			files = (
			);
			runOnlyForDeploymentPostprocessing = 0;
		};
/* End PBXSourcesBuildPhase section */

/* Begin PBXTargetDependency section */
		BCD448162F708AEF003C74BE /* PBXTargetDependency */ = {
			isa = PBXTargetDependency;
			target = BCD448062F708AEC003C74BE /* ExifArmor */;
			targetProxy = BCD448152F708AEF003C74BE /* PBXContainerItemProxy */;
		};
		BCD448202F708AEF003C74BE /* PBXTargetDependency */ = {
			isa = PBXTargetDependency;
			target = BCD448062F708AEC003C74BE /* ExifArmor */;
			targetProxy = BCD4481F2F708AEF003C74BE /* PBXContainerItemProxy */;
		};
		BCD448942F709508003C74BE /* PBXTargetDependency */ = {
			isa = PBXTargetDependency;
			target = BCD4488A2F709508003C74BE /* ExifArmorShareExtension */;
			targetProxy = BCD448932F709508003C74BE /* PBXContainerItemProxy */;
		};
/* End PBXTargetDependency section */

/* Begin XCBuildConfiguration section */
		BCD448262F708AEF003C74BE /* Debug */ = {
			isa = XCBuildConfiguration;
			buildSettings = {
				ALWAYS_SEARCH_USER_PATHS = NO;
				ASSETCATALOG_COMPILER_GENERATE_SWIFT_ASSET_SYMBOL_EXTENSIONS = YES;
				CLANG_ANALYZER_NONNULL = YES;
				CLANG_ANALYZER_NUMBER_OBJECT_CONVERSION = YES_AGGRESSIVE;
				CLANG_CXX_LANGUAGE_STANDARD = "gnu++20";
				CLANG_ENABLE_MODULES = YES;
				CLANG_ENABLE_OBJC_ARC = YES;
				CLANG_ENABLE_OBJC_WEAK = YES;
				CLANG_WARN_BLOCK_CAPTURE_AUTORELEASING = YES;
				CLANG_WARN_BOOL_CONVERSION = YES;
				CLANG_WARN_COMMA = YES;
				CLANG_WARN_CONSTANT_CONVERSION = YES;
				CLANG_WARN_DEPRECATED_OBJC_IMPLEMENTATIONS = YES;
				CLANG_WARN_DIRECT_OBJC_ISA_USAGE = YES_ERROR;
				CLANG_WARN_DOCUMENTATION_COMMENTS = YES;
				CLANG_WARN_EMPTY_BODY = YES;
				CLANG_WARN_ENUM_CONVERSION = YES;
				CLANG_WARN_INFINITE_RECURSION = YES;
				CLANG_WARN_INT_CONVERSION = YES;
				CLANG_WARN_NON_LITERAL_NULL_CONVERSION = YES;
				CLANG_WARN_OBJC_IMPLICIT_RETAIN_SELF = YES;
				CLANG_WARN_OBJC_LITERAL_CONVERSION = YES;
				CLANG_WARN_OBJC_ROOT_CLASS = YES_ERROR;
				CLANG_WARN_QUOTED_INCLUDE_IN_FRAMEWORK_HEADER = YES;
				CLANG_WARN_RANGE_LOOP_ANALYSIS = YES;
				CLANG_WARN_STRICT_PROTOTYPES = YES;
				CLANG_WARN_SUSPICIOUS_MOVE = YES;
				CLANG_WARN_UNGUARDED_AVAILABILITY = YES_AGGRESSIVE;
				CLANG_WARN_UNREACHABLE_CODE = YES;
				CLANG_WARN__DUPLICATE_METHOD_MATCH = YES;
				COPY_PHASE_STRIP = NO;
				DEBUG_INFORMATION_FORMAT = dwarf;
				ENABLE_STRICT_OBJC_MSGSEND = YES;
				ENABLE_TESTABILITY = YES;
				ENABLE_USER_SCRIPT_SANDBOXING = YES;
				GCC_C_LANGUAGE_STANDARD = gnu17;
				GCC_DYNAMIC_NO_PIC = NO;
				GCC_NO_COMMON_BLOCKS = YES;
				GCC_OPTIMIZATION_LEVEL = 0;
				GCC_PREPROCESSOR_DEFINITIONS = (
					"DEBUG=1",
					"$(inherited)",
				);
				GCC_WARN_64_TO_32_BIT_CONVERSION = YES;
				GCC_WARN_ABOUT_RETURN_TYPE = YES_ERROR;
				GCC_WARN_UNDECLARED_SELECTOR = YES;
				GCC_WARN_UNINITIALIZED_AUTOS = YES_AGGRESSIVE;
				GCC_WARN_UNUSED_FUNCTION = YES;
				GCC_WARN_UNUSED_VARIABLE = YES;
				IPHONEOS_DEPLOYMENT_TARGET = 17.0;
				LOCALIZATION_PREFERS_STRING_CATALOGS = YES;
				MTL_ENABLE_DEBUG_INFO = INCLUDE_SOURCE;
				MTL_FAST_MATH = YES;
				ONLY_ACTIVE_ARCH = YES;
				SDKROOT = iphoneos;
				STRING_CATALOG_GENERATE_SYMBOLS = YES;
				SWIFT_ACTIVE_COMPILATION_CONDITIONS = "DEBUG $(inherited)";
				SWIFT_OPTIMIZATION_LEVEL = "-Onone";
			};
			name = Debug;
		};
		BCD448272F708AEF003C74BE /* Release */ = {
			isa = XCBuildConfiguration;
			buildSettings = {
				ALWAYS_SEARCH_USER_PATHS = NO;
				ASSETCATALOG_COMPILER_GENERATE_SWIFT_ASSET_SYMBOL_EXTENSIONS = YES;
				CLANG_ANALYZER_NONNULL = YES;
				CLANG_ANALYZER_NUMBER_OBJECT_CONVERSION = YES_AGGRESSIVE;
				CLANG_CXX_LANGUAGE_STANDARD = "gnu++20";
				CLANG_ENABLE_MODULES = YES;
				CLANG_ENABLE_OBJC_ARC = YES;
				CLANG_ENABLE_OBJC_WEAK = YES;
				CLANG_WARN_BLOCK_CAPTURE_AUTORELEASING = YES;
				CLANG_WARN_BOOL_CONVERSION = YES;
				CLANG_WARN_COMMA = YES;
				CLANG_WARN_CONSTANT_CONVERSION = YES;
				CLANG_WARN_DEPRECATED_OBJC_IMPLEMENTATIONS = YES;
				CLANG_WARN_DIRECT_OBJC_ISA_USAGE = YES_ERROR;
				CLANG_WARN_DOCUMENTATION_COMMENTS = YES;
				CLANG_WARN_EMPTY_BODY = YES;
				CLANG_WARN_ENUM_CONVERSION = YES;
				CLANG_WARN_INFINITE_RECURSION = YES;
				CLANG_WARN_INT_CONVERSION = YES;
				CLANG_WARN_NON_LITERAL_NULL_CONVERSION = YES;
				CLANG_WARN_OBJC_IMPLICIT_RETAIN_SELF = YES;
				CLANG_WARN_OBJC_LITERAL_CONVERSION = YES;
				CLANG_WARN_OBJC_ROOT_CLASS = YES_ERROR;
				CLANG_WARN_QUOTED_INCLUDE_IN_FRAMEWORK_HEADER = YES;
				CLANG_WARN_RANGE_LOOP_ANALYSIS = YES;
				CLANG_WARN_STRICT_PROTOTYPES = YES;
				CLANG_WARN_SUSPICIOUS_MOVE = YES;
				CLANG_WARN_UNGUARDED_AVAILABILITY = YES_AGGRESSIVE;
				CLANG_WARN_UNREACHABLE_CODE = YES;
				CLANG_WARN__DUPLICATE_METHOD_MATCH = YES;
				COPY_PHASE_STRIP = NO;
				DEBUG_INFORMATION_FORMAT = "dwarf-with-dsym";
				ENABLE_NS_ASSERTIONS = NO;
				ENABLE_STRICT_OBJC_MSGSEND = YES;
				ENABLE_USER_SCRIPT_SANDBOXING = YES;
				GCC_C_LANGUAGE_STANDARD = gnu17;
				GCC_NO_COMMON_BLOCKS = YES;
				GCC_WARN_64_TO_32_BIT_CONVERSION = YES;
				GCC_WARN_ABOUT_RETURN_TYPE = YES_ERROR;
				GCC_WARN_UNDECLARED_SELECTOR = YES;
				GCC_WARN_UNINITIALIZED_AUTOS = YES_AGGRESSIVE;
				GCC_WARN_UNUSED_FUNCTION = YES;
				GCC_WARN_UNUSED_VARIABLE = YES;
				IPHONEOS_DEPLOYMENT_TARGET = 17.0;
				LOCALIZATION_PREFERS_STRING_CATALOGS = YES;
				MTL_ENABLE_DEBUG_INFO = NO;
				MTL_FAST_MATH = YES;
				SDKROOT = iphoneos;
				STRING_CATALOG_GENERATE_SYMBOLS = YES;
				SWIFT_COMPILATION_MODE = wholemodule;
				VALIDATE_PRODUCT = YES;
			};
			name = Release;
		};
		BCD448292F708AEF003C74BE /* Debug */ = {
			isa = XCBuildConfiguration;
			buildSettings = {
				ASSETCATALOG_COMPILER_APPICON_NAME = AppIcon;
				ASSETCATALOG_COMPILER_GLOBAL_ACCENT_COLOR_NAME = AccentColor;
				ASSETCATALOG_COMPILER_INCLUDE_ALL_APPICON_ASSETS = YES;
				CODE_SIGN_ENTITLEMENTS = ExifArmor.entitlements;
				CODE_SIGN_IDENTITY = "Apple Development";
				CODE_SIGN_STYLE = Automatic;
				CURRENT_PROJECT_VERSION = 20;
				DEVELOPMENT_TEAM = 2SGGP65W6C;
				ENABLE_PREVIEWS = YES;
				GENERATE_INFOPLIST_FILE = YES;
				INFOPLIST_FILE = ExifArmor/Info.plist;
				INFOPLIST_KEY_CFBundleDisplayName = ExifArmor;
				INFOPLIST_KEY_LSApplicationCategoryType = "public.app-category.utilities";
				INFOPLIST_KEY_NSHumanReadableCopyright = "© 2026 Katafract LLC";
				INFOPLIST_KEY_UIApplicationSceneManifest_Generation = YES;
				INFOPLIST_KEY_UIApplicationSupportsIndirectInputEvents = YES;
				INFOPLIST_KEY_UILaunchScreen_Generation = YES;
				INFOPLIST_KEY_UISupportedInterfaceOrientations_iPad = "UIInterfaceOrientationPortrait UIInterfaceOrientationPortraitUpsideDown UIInterfaceOrientationLandscapeLeft UIInterfaceOrientationLandscapeRight";
				INFOPLIST_KEY_UISupportedInterfaceOrientations_iPhone = "UIInterfaceOrientationPortrait UIInterfaceOrientationLandscapeLeft UIInterfaceOrientationLandscapeRight";
				LD_RUNPATH_SEARCH_PATHS = (
					"$(inherited)",
					"@executable_path/Frameworks",
				);
				MARKETING_VERSION = 1.2.4;
				PRODUCT_BUNDLE_IDENTIFIER = com.katafract.exifarmor;
				PRODUCT_NAME = "$(TARGET_NAME)";
				PROVISIONING_PROFILE_SPECIFIER = "";
				STRING_CATALOG_GENERATE_SYMBOLS = YES;
				SWIFT_APPROACHABLE_CONCURRENCY = YES;
				SWIFT_DEFAULT_ACTOR_ISOLATION = MainActor;
				SWIFT_EMIT_LOC_STRINGS = YES;
				SWIFT_UPCOMING_FEATURE_MEMBER_IMPORT_VISIBILITY = YES;
				SWIFT_VERSION = 5.0;
				TARGETED_DEVICE_FAMILY = "1,2";
			};
			name = Debug;
		};
		BCD4482A2F708AEF003C74BE /* Release */ = {
			isa = XCBuildConfiguration;
			buildSettings = {
				ASSETCATALOG_COMPILER_APPICON_NAME = AppIcon;
				ASSETCATALOG_COMPILER_GLOBAL_ACCENT_COLOR_NAME = AccentColor;
				ASSETCATALOG_COMPILER_INCLUDE_ALL_APPICON_ASSETS = YES;
				CODE_SIGN_ENTITLEMENTS = ExifArmor.entitlements;
				CODE_SIGN_IDENTITY = "Apple Development";
				CODE_SIGN_STYLE = Automatic;
				CURRENT_PROJECT_VERSION = 20;
				DEVELOPMENT_TEAM = 2SGGP65W6C;
				ENABLE_PREVIEWS = YES;
				GENERATE_INFOPLIST_FILE = YES;
				INFOPLIST_FILE = ExifArmor/Info.plist;
				INFOPLIST_KEY_CFBundleDisplayName = ExifArmor;
				INFOPLIST_KEY_LSApplicationCategoryType = "public.app-category.utilities";
				INFOPLIST_KEY_NSHumanReadableCopyright = "© 2026 Katafract LLC";
				INFOPLIST_KEY_UIApplicationSceneManifest_Generation = YES;
				INFOPLIST_KEY_UIApplicationSupportsIndirectInputEvents = YES;
				INFOPLIST_KEY_UILaunchScreen_Generation = YES;
				INFOPLIST_KEY_UISupportedInterfaceOrientations_iPad = "UIInterfaceOrientationPortrait UIInterfaceOrientationPortraitUpsideDown UIInterfaceOrientationLandscapeLeft UIInterfaceOrientationLandscapeRight";
				INFOPLIST_KEY_UISupportedInterfaceOrientations_iPhone = "UIInterfaceOrientationPortrait UIInterfaceOrientationLandscapeLeft UIInterfaceOrientationLandscapeRight";
				LD_RUNPATH_SEARCH_PATHS = (
					"$(inherited)",
					"@executable_path/Frameworks",
				);
				MARKETING_VERSION = 1.2.4;
				PRODUCT_BUNDLE_IDENTIFIER = com.katafract.exifarmor;
				PRODUCT_NAME = "$(TARGET_NAME)";
				PROVISIONING_PROFILE_SPECIFIER = "";
				STRING_CATALOG_GENERATE_SYMBOLS = YES;
				SWIFT_APPROACHABLE_CONCURRENCY = YES;
				SWIFT_DEFAULT_ACTOR_ISOLATION = MainActor;
				SWIFT_EMIT_LOC_STRINGS = YES;
				SWIFT_UPCOMING_FEATURE_MEMBER_IMPORT_VISIBILITY = YES;
				SWIFT_VERSION = 5.0;
				TARGETED_DEVICE_FAMILY = "1,2";
			};
			name = Release;
		};
		BCD4482C2F708AEF003C74BE /* Debug */ = {
			isa = XCBuildConfiguration;
			buildSettings = {
				BUNDLE_LOADER = "$(TEST_HOST)";
				CODE_SIGN_STYLE = Automatic;
				CURRENT_PROJECT_VERSION = 20;
				GENERATE_INFOPLIST_FILE = YES;
				IPHONEOS_DEPLOYMENT_TARGET = 17.0;
				MARKETING_VERSION = 1.2.4;
				PRODUCT_BUNDLE_IDENTIFIER = com.katafract.exifarmortests;
				PRODUCT_NAME = "$(TARGET_NAME)";
				STRING_CATALOG_GENERATE_SYMBOLS = NO;
				SWIFT_APPROACHABLE_CONCURRENCY = YES;
				SWIFT_EMIT_LOC_STRINGS = NO;
				SWIFT_UPCOMING_FEATURE_MEMBER_IMPORT_VISIBILITY = YES;
				SWIFT_VERSION = 5.0;
				TARGETED_DEVICE_FAMILY = "1,2";
				TEST_HOST = "$(BUILT_PRODUCTS_DIR)/ExifArmor.app/$(BUNDLE_EXECUTABLE_FOLDER_PATH)/ExifArmor";
			};
			name = Debug;
		};
		BCD4482D2F708AEF003C74BE /* Release */ = {
			isa = XCBuildConfiguration;
			buildSettings = {
				BUNDLE_LOADER = "$(TEST_HOST)";
				CODE_SIGN_STYLE = Automatic;
				CURRENT_PROJECT_VERSION = 20;
				GENERATE_INFOPLIST_FILE = YES;
				IPHONEOS_DEPLOYMENT_TARGET = 17.0;
				MARKETING_VERSION = 1.2.4;
				PRODUCT_BUNDLE_IDENTIFIER = com.katafract.exifarmortests;
				PRODUCT_NAME = "$(TARGET_NAME)";
				STRING_CATALOG_GENERATE_SYMBOLS = NO;
				SWIFT_APPROACHABLE_CONCURRENCY = YES;
				SWIFT_EMIT_LOC_STRINGS = NO;
				SWIFT_UPCOMING_FEATURE_MEMBER_IMPORT_VISIBILITY = YES;
				SWIFT_VERSION = 5.0;
				TARGETED_DEVICE_FAMILY = "1,2";
				TEST_HOST = "$(BUILT_PRODUCTS_DIR)/ExifArmor.app/$(BUNDLE_EXECUTABLE_FOLDER_PATH)/ExifArmor";
			};
			name = Release;
		};
		BCD4482F2F708AEF003C74BE /* Debug */ = {
			isa = XCBuildConfiguration;
			buildSettings = {
				CODE_SIGN_STYLE = Automatic;
				CURRENT_PROJECT_VERSION = 20;
				GENERATE_INFOPLIST_FILE = YES;
				MARKETING_VERSION = 1.2.4;
				PRODUCT_BUNDLE_IDENTIFIER = com.katafract.exifarmoruitests;
				PRODUCT_NAME = "$(TARGET_NAME)";
				STRING_CATALOG_GENERATE_SYMBOLS = NO;
				SWIFT_APPROACHABLE_CONCURRENCY = YES;
				SWIFT_EMIT_LOC_STRINGS = NO;
				SWIFT_UPCOMING_FEATURE_MEMBER_IMPORT_VISIBILITY = YES;
				SWIFT_VERSION = 5.0;
				TARGETED_DEVICE_FAMILY = "1,2";
				TEST_TARGET_NAME = ExifArmor;
			};
			name = Debug;
		};
		BCD448302F708AEF003C74BE /* Release */ = {
			isa = XCBuildConfiguration;
			buildSettings = {
				CODE_SIGN_STYLE = Automatic;
				CURRENT_PROJECT_VERSION = 20;
				GENERATE_INFOPLIST_FILE = YES;
				MARKETING_VERSION = 1.2.4;
				PRODUCT_BUNDLE_IDENTIFIER = com.katafract.exifarmoruitests;
				PRODUCT_NAME = "$(TARGET_NAME)";
				STRING_CATALOG_GENERATE_SYMBOLS = NO;
				SWIFT_APPROACHABLE_CONCURRENCY = YES;
				SWIFT_EMIT_LOC_STRINGS = NO;
				SWIFT_UPCOMING_FEATURE_MEMBER_IMPORT_VISIBILITY = YES;
				SWIFT_VERSION = 5.0;
				TARGETED_DEVICE_FAMILY = "1,2";
				TEST_TARGET_NAME = ExifArmor;
			};
			name = Release;
		};
		BCD448982F709508003C74BE /* Debug */ = {
			isa = XCBuildConfiguration;
			buildSettings = {
				CODE_SIGN_ENTITLEMENTS = ExifArmorShareExtension/ExifArmorShareExtension.entitlements;
				CODE_SIGN_IDENTITY = "Apple Development";
				CODE_SIGN_STYLE = Automatic;
				CURRENT_PROJECT_VERSION = 20;
				DEVELOPMENT_TEAM = 2SGGP65W6C;
				GENERATE_INFOPLIST_FILE = YES;
				INFOPLIST_FILE = ExifArmorShareExtension/Info.plist;
				INFOPLIST_KEY_CFBundleDisplayName = ExifArmorShareExtension;
				INFOPLIST_KEY_NSHumanReadableCopyright = "© 2026 Katafract LLC";
				LD_RUNPATH_SEARCH_PATHS = (
					"$(inherited)",
					"@executable_path/Frameworks",
					"@executable_path/../../Frameworks",
				);
				MARKETING_VERSION = 1.2.4;
				PRODUCT_BUNDLE_IDENTIFIER = "com.katafract.exifarmor.share-extension";
				PRODUCT_NAME = "$(TARGET_NAME)";
				SKIP_INSTALL = YES;
				STRING_CATALOG_GENERATE_SYMBOLS = YES;
				SWIFT_APPROACHABLE_CONCURRENCY = YES;
				SWIFT_EMIT_LOC_STRINGS = YES;
				SWIFT_UPCOMING_FEATURE_MEMBER_IMPORT_VISIBILITY = YES;
				SWIFT_VERSION = 5.0;
				TARGETED_DEVICE_FAMILY = "1,2";
			};
			name = Debug;
		};
		BCD448992F709508003C74BE /* Release */ = {
			isa = XCBuildConfiguration;
			buildSettings = {
				CODE_SIGN_ENTITLEMENTS = ExifArmorShareExtension/ExifArmorShareExtension.entitlements;
				CODE_SIGN_IDENTITY = "Apple Development";
				CODE_SIGN_STYLE = Automatic;
				CURRENT_PROJECT_VERSION = 20;
				DEVELOPMENT_TEAM = 2SGGP65W6C;
				GENERATE_INFOPLIST_FILE = YES;
				INFOPLIST_FILE = ExifArmorShareExtension/Info.plist;
				INFOPLIST_KEY_CFBundleDisplayName = ExifArmorShareExtension;
				INFOPLIST_KEY_NSHumanReadableCopyright = "© 2026 Katafract LLC";
				LD_RUNPATH_SEARCH_PATHS = (
					"$(inherited)",
					"@executable_path/Frameworks",
					"@executable_path/../../Frameworks",
				);
				MARKETING_VERSION = 1.2.4;
				PRODUCT_BUNDLE_IDENTIFIER = "com.katafract.exifarmor.share-extension";
				PRODUCT_NAME = "$(TARGET_NAME)";
				SKIP_INSTALL = YES;
				STRING_CATALOG_GENERATE_SYMBOLS = YES;
				SWIFT_APPROACHABLE_CONCURRENCY = YES;
				SWIFT_EMIT_LOC_STRINGS = YES;
				SWIFT_UPCOMING_FEATURE_MEMBER_IMPORT_VISIBILITY = YES;
				SWIFT_VERSION = 5.0;
				TARGETED_DEVICE_FAMILY = "1,2";
			};
			name = Release;
		};
/* End XCBuildConfiguration section */

/* Begin XCConfigurationList section */
		BCD448022F708AEC003C74BE /* Build configuration list for PBXProject "ExifArmor" */ = {
			isa = XCConfigurationList;
			buildConfigurations = (
				BCD448262F708AEF003C74BE /* Debug */,
				BCD448272F708AEF003C74BE /* Release */,
			);
			defaultConfigurationIsVisible = 0;
			defaultConfigurationName = Release;
		};
		BCD448282F708AEF003C74BE /* Build configuration list for PBXNativeTarget "ExifArmor" */ = {
			isa = XCConfigurationList;
			buildConfigurations = (
				BCD448292F708AEF003C74BE /* Debug */,
				BCD4482A2F708AEF003C74BE /* Release */,
			);
			defaultConfigurationIsVisible = 0;
			defaultConfigurationName = Release;
		};
		BCD4482B2F708AEF003C74BE /* Build configuration list for PBXNativeTarget "ExifArmorTests" */ = {
			isa = XCConfigurationList;
			buildConfigurations = (
				BCD4482C2F708AEF003C74BE /* Debug */,
				BCD4482D2F708AEF003C74BE /* Release */,
			);
			defaultConfigurationIsVisible = 0;
			defaultConfigurationName = Release;
		};
		BCD4482E2F708AEF003C74BE /* Build configuration list for PBXNativeTarget "ExifArmorUITests" */ = {
			isa = XCConfigurationList;
			buildConfigurations = (
				BCD4482F2F708AEF003C74BE /* Debug */,
				BCD448302F708AEF003C74BE /* Release */,
			);
			defaultConfigurationIsVisible = 0;
			defaultConfigurationName = Release;
		};
		BCD448972F709508003C74BE /* Build configuration list for PBXNativeTarget "ExifArmorShareExtension" */ = {
			isa = XCConfigurationList;
			buildConfigurations = (
				BCD448982F709508003C74BE /* Debug */,
				BCD448992F709508003C74BE /* Release */,
			);
			defaultConfigurationIsVisible = 0;
			defaultConfigurationName = Release;
		};
/* End XCConfigurationList section */
	};
	rootObject = BCD447FF2F708AEC003C74BE /* Project object */;
}
